
Microsoft Visual Studio Solution File, Format Version 12.00
# Visual Studio Version 17
VisualStudioVersion = 17.14.36804.6
MinimumVisualStudioVersion = 10.0.40219.1
Project("{2150E333-8FDC-42A3-9474-1A3956D46DE8}") = "Services", "Services", "{02EA681E-C7D8-13C7-8484-4AC65E1B71E8}"
EndProject
Project("{2150E333-8FDC-42A3-9474-1A3956D46DE8}") = "Catalog", "Catalog", "{1A3FD67E-1B7B-4C42-9343-8844DFD1D89F}"
EndProject
Project("{2150E333-8FDC-42A3-9474-1A3956D46DE8}") = "Discount", "Discount", "{0E561080-6E80-496C-99C4-043722D8EB95}"
EndProject
Project("{2150E333-8FDC-42A3-9474-1A3956D46DE8}") = "Order", "Order", "{A30C5D93-F8B2-4BC2-8393-BEB5EB7AC1D2}"
EndProject
Project("{2150E333-8FDC-42A3-9474-1A3956D46DE8}") = "Core", "Core", "{2E33C9CC-AAA5-4313-A866-6BED49E33B04}"
EndProject
Project("{2150E333-8FDC-42A3-9474-1A3956D46DE8}") = "Infrastructure", "Infrastructure", "{7081E44D-9B25-458F-ACB5-72BECBA7BA20}"
EndProject
Project("{2150E333-8FDC-42A3-9474-1A3956D46DE8}") = "Presentation", "Presentation", "{66BEC663-29B2-43D4-8D23-343EDD9F2516}"
EndProject
Project("{FAE04EC0-301F-11D3-BF4B-00C04F79EFBC}") = "MultiShop.Order.Domain", "Services\Order\Core\MultiShop.Order.Domain\MultiShop.Order.Domain.csproj", "{A68D4227-F7E6-44FC-959D-DB6298545FCE}"
EndProject
Project("{FAE04EC0-301F-11D3-BF4B-00C04F79EFBC}") = "MultiShop.Order.Application", "Services\Order\Core\MultiShop.Order.Application\MultiShop.Order.Application.csproj", "{E03CC4E7-12EA-42AB-8BD3-7B0AF9E969E2}"
EndProject
Project("{FAE04EC0-301F-11D3-BF4B-00C04F79EFBC}") = "MultiShop.Order.WebApi", "Services\Order\Presentation\MultiShop.Order.WebApi\MultiShop.Order.WebApi.csproj", "{8C7C768E-0CE6-432A-8806-8F99FE523CCE}"
EndProject
Project("{FAE04EC0-301F-11D3-BF4B-00C04F79EFBC}") = "MultiShop.Order.Persistance", "Services\Order\Infrastructure\MultiShop.Order.Persistance\MultiShop.Order.Persistance.csproj", "{E253BDF3-9EF4-4164-80E7-B1F60EEDD3D0}"
EndProject
Project("{FAE04EC0-301F-11D3-BF4B-00C04F79EFBC}") = "MultiShop.Catalog", "Services\Catalog\MultiShop.Catalog\MultiShop.Catalog.csproj", "{25C5971A-97D3-56EC-AC4D-FEF0E4BCC4B7}"
EndProject
Project("{FAE04EC0-301F-11D3-BF4B-00C04F79EFBC}") = "MultiShop.Discount", "Services\Discount\MultiShop.Discount\MultiShop.Discount.csproj", "{92A0B6FA-A343-5977-7E28-7DD02FB1CC6E}"
EndProject
Project("{2150E333-8FDC-42A3-9474-1A3956D46DE8}") = "IdentityServer", "IdentityServer", "{DBA354E6-93B9-411A-8A81-7538F0A231E5}"
EndProject
Project("{FAE04EC0-301F-11D3-BF4B-00C04F79EFBC}") = "MultiShop.IdentityServer", "IdentityServer\MultiShop.IdentityServer\MultiShop.IdentityServer.csproj", "{EA14094F-FB55-5ABC-1402-B4229C4AD0B1}"
EndProject
Project("{2150E333-8FDC-42A3-9474-1A3956D46DE8}") = "Requierements", "Requierements", "{3B0BDB69-021F-4A78-8AD9-CEE5362A6DCA}"
	ProjectSection(SolutionItems) = preProject
		PortainerCmd.txt = PortainerCmd.txt
	EndProjectSection
EndProject
Global
	GlobalSection(SolutionConfigurationPlatforms) = preSolution
		Debug|Any CPU = Debug|Any CPU
		Release|Any CPU = Release|Any CPU
	EndGlobalSection
	GlobalSection(ProjectConfigurationPlatforms) = postSolution
		{A68D4227-F7E6-44FC-959D-DB6298545FCE}.Debug|Any CPU.ActiveCfg = Debug|Any CPU
		{A68D4227-F7E6-44FC-959D-DB6298545FCE}.Debug|Any CPU.Build.0 = Debug|Any CPU
		{A68D4227-F7E6-44FC-959D-DB6298545FCE}.Release|Any CPU.ActiveCfg = Release|Any CPU
		{A68D4227-F7E6-44FC-959D-DB6298545FCE}.Release|Any CPU.Build.0 = Release|Any CPU
		{E03CC4E7-12EA-42AB-8BD3-7B0AF9E969E2}.Debug|Any CPU.ActiveCfg = Debug|Any CPU
		{E03CC4E7-12EA-42AB-8BD3-7B0AF9E969E2}.Debug|Any CPU.Build.0 = Debug|Any CPU
		{E03CC4E7-12EA-42AB-8BD3-7B0AF9E969E2}.Release|Any CPU.ActiveCfg = Release|Any CPU
		{E03CC4E7-12EA-42AB-8BD3-7B0AF9E969E2}.Release|Any CPU.Build.0 = Release|Any CPU
		{8C7C768E-0CE6-432A-8806-8F99FE523CCE}.Debug|Any CPU.ActiveCfg = Debug|Any CPU
		{8C7C768E-0CE6-432A-8806-8F99FE523CCE}.Debug|Any CPU.Build.0 = Debug|Any CPU
		{8C7C768E-0CE6-432A-8806-8F99FE523CCE}.Release|Any CPU.ActiveCfg = Release|Any CPU
		{8C7C768E-0CE6-432A-8806-8F99FE523CCE}.Release|Any CPU.Build.0 = Release|Any CPU
		{E253BDF3-9EF4-4164-80E7-B1F60EEDD3D0}.Debug|Any CPU.ActiveCfg = Debug|Any CPU
		{E253BDF3-9EF4-4164-80E7-B1F60EEDD3D0}.Debug|Any CPU.Build.0 = Debug|Any CPU
		{E253BDF3-9EF4-4164-80E7-B1F60EEDD3D0}.Release|Any CPU.ActiveCfg = Release|Any CPU
		{E253BDF3-9EF4-4164-80E7-B1F60EEDD3D0}.Release|Any CPU.Build.0 = Release|Any CPU
		{25C5971A-97D3-56EC-AC4D-FEF0E4BCC4B7}.Debug|Any CPU.ActiveCfg = Debug|Any CPU
		{25C5971A-97D3-56EC-AC4D-FEF0E4BCC4B7}.Debug|Any CPU.Build.0 = Debug|Any CPU
		{25C5971A-97D3-56EC-AC4D-FEF0E4BCC4B7}.Release|Any CPU.ActiveCfg = Release|Any CPU
		{25C5971A-97D3-56EC-AC4D-FEF0E4BCC4B7}.Release|Any CPU.Build.0 = Release|Any CPU
		{92A0B6FA-A343-5977-7E28-7DD02FB1CC6E}.Debug|Any CPU.ActiveCfg = Debug|Any CPU
		{92A0B6FA-A343-5977-7E28-7DD02FB1CC6E}.Debug|Any CPU.Build.0 = Debug|Any CPU
		{92A0B6FA-A343-5977-7E28-7DD02FB1CC6E}.Release|Any CPU.ActiveCfg = Release|Any CPU
		{92A0B6FA-A343-5977-7E28-7DD02FB1CC6E}.Release|Any CPU.Build.0 = Release|Any CPU
		{EA14094F-FB55-5ABC-1402-B4229C4AD0B1}.Debug|Any CPU.ActiveCfg = Debug|Any CPU
		{EA14094F-FB55-5ABC-1402-B4229C4AD0B1}.Debug|Any CPU.Build.0 = Debug|Any CPU
		{EA14094F-FB55-5ABC-1402-B4229C4AD0B1}.Release|Any CPU.ActiveCfg = Release|Any CPU
		{EA14094F-FB55-5ABC-1402-B4229C4AD0B1}.Release|Any CPU.Build.0 = Release|Any CPU
	EndGlobalSection
	GlobalSection(SolutionProperties) = preSolution
		HideSolutionNode = FALSE
	EndGlobalSection
	GlobalSection(NestedProjects) = preSolution
		{1A3FD67E-1B7B-4C42-9343-8844DFD1D89F} = {02EA681E-C7D8-13C7-8484-4AC65E1B71E8}
		{0E561080-6E80-496C-99C4-043722D8EB95} = {02EA681E-C7D8-13C7-8484-4AC65E1B71E8}
		{A30C5D93-F8B2-4BC2-8393-BEB5EB7AC1D2} = {02EA681E-C7D8-13C7-8484-4AC65E1B71E8}
		{2E33C9CC-AAA5-4313-A866-6BED49E33B04} = {A30C5D93-F8B2-4BC2-8393-BEB5EB7AC1D2}
		{7081E44D-9B25-458F-ACB5-72BECBA7BA20} = {A30C5D93-F8B2-4BC2-8393-BEB5EB7AC1D2}
		{66BEC663-29B2-43D4-8D23-343EDD9F2516} = {A30C5D93-F8B2-4BC2-8393-BEB5EB7AC1D2}
		{A68D4227-F7E6-44FC-959D-DB6298545FCE} = {2E33C9CC-AAA5-4313-A866-6BED49E33B04}
		{E03CC4E7-12EA-42AB-8BD3-7B0AF9E969E2} = {2E33C9CC-AAA5-4313-A866-6BED49E33B04}
		{8C7C768E-0CE6-432A-8806-8F99FE523CCE} = {66BEC663-29B2-43D4-8D23-343EDD9F2516}
		{E253BDF3-9EF4-4164-80E7-B1F60EEDD3D0} = {7081E44D-9B25-458F-ACB5-72BECBA7BA20}
		{25C5971A-97D3-56EC-AC4D-FEF0E4BCC4B7} = {1A3FD67E-1B7B-4C42-9343-8844DFD1D89F}
		{92A0B6FA-A343-5977-7E28-7DD02FB1CC6E} = {0E561080-6E80-496C-99C4-043722D8EB95}
		{EA14094F-FB55-5ABC-1402-B4229C4AD0B1} = {DBA354E6-93B9-411A-8A81-7538F0A231E5}
		{3B0BDB69-021F-4A78-8AD9-CEE5362A6DCA} = {02EA681E-C7D8-13C7-8484-4AC65E1B71E8}
	EndGlobalSection
	GlobalSection(ExtensibilityGlobals) = postSolution
		SolutionGuid = {E23347B0-C150-4ED3-A033-A66471329BD4}
	EndGlobalSection
EndGlobal
