
Microsoft Visual Studio Solution File, Format Version 12.00
# Visual Studio Version 17
VisualStudioVersion = 17.14.36804.6
MinimumVisualStudioVersion = 10.0.40219.1
Project("{2150E333-8FDC-42A3-9474-1A3956D46DE8}") = "Services", "Services", "{02EA681E-C7D8-13C7-8484-4AC65E1B71E8}"
EndProject
Project("{2150E333-8FDC-42A3-9474-1A3956D46DE8}") = "Catalog", "Catalog", "{1A3FD67E-1B7B-4C42-9343-8844DFD1D89F}"
EndProject
Project("{2150E333-8FDC-42A3-9474-1A3956D46DE8}") = "Discount", "Discount", "{0E561080-6E80-496C-99C4-043722D8EB95}"
EndProject
Project("{2150E333-8FDC-42A3-9474-1A3956D46DE8}") = "Order", "Order", "{A30C5D93-F8B2-4BC2-8393-BEB5EB7AC1D2}"
EndProject
Project("{2150E333-8FDC-42A3-9474-1A3956D46DE8}") = "Core", "Core", "{2E33C9CC-AAA5-4313-A866-6BED49E33B04}"
EndProject
Project("{2150E333-8FDC-42A3-9474-1A3956D46DE8}") = "Infrastructure", "Infrastructure", "{7081E44D-9B25-458F-ACB5-72BECBA7BA20}"
EndProject
Project("{2150E333-8FDC-42A3-9474-1A3956D46DE8}") = "Presentation", "Presentation", "{66BEC663-29B2-43D4-8D23-343EDD9F2516}"
EndProject
Project("{FAE04EC0-301F-11D3-BF4B-00C04F79EFBC}") = "MultiShop.Order.Domain", "Services\Order\Core\MultiShop.Order.Domain\MultiShop.Order.Domain.csproj", "{A68D4227-F7E6-44FC-959D-DB6298545FCE}"
EndProject
Project("{FAE04EC0-301F-11D3-BF4B-00C04F79EFBC}") = "MultiShop.Order.Application", "Services\Order\Core\MultiShop.Order.Application\MultiShop.Order.Application.csproj", "{E03CC4E7-12EA-42AB-8BD3-7B0AF9E969E2}"
EndProject
Project("{FAE04EC0-301F-11D3-BF4B-00C04F79EFBC}") = "MultiShop.Order.WebApi", "Services\Order\Presentation\MultiShop.Order.WebApi\MultiShop.Order.WebApi.csproj", "{8C7C768E-0CE6-432A-8806-8F99FE523CCE}"
EndProject
Project("{FAE04EC0-301F-11D3-BF4B-00C04F79EFBC}") = "MultiShop.Order.Persistance", "Services\Order\Infrastructure\MultiShop.Order.Persistance\MultiShop.Order.Persistance.csproj", "{E253BDF3-9EF4-4164-80E7-B1F60EEDD3D0}"
EndProject
Project("{FAE04EC0-301F-11D3-BF4B-00C04F79EFBC}") = "MultiShop.Catalog", "Services\Catalog\MultiShop.Catalog\MultiShop.Catalog.csproj", "{25C5971A-97D3-56EC-AC4D-FEF0E4BCC4B7}"
EndProject
Project("{FAE04EC0-301F-11D3-BF4B-00C04F79EFBC}") = "MultiShop.Discount", "Services\Discount\MultiShop.Discount\MultiShop.Discount.csproj", "{92A0B6FA-A343-5977-7E28-7DD02FB1CC6E}"
EndProject
Project("{2150E333-8FDC-42A3-9474-1A3956D46DE8}") = "IdentityServer", "IdentityServer", "{DBA354E6-93B9-411A-8A81-7538F0A231E5}"
EndProject
Project("{FAE04EC0-301F-11D3-BF4B-00C04F79EFBC}") = "MultiShop.IdentityServer", "IdentityServer\MultiShop.IdentityServer\MultiShop.IdentityServer.csproj", "{EA14094F-FB55-5ABC-1402-B4229C4AD0B1}"
EndProject
Project("{2150E333-8FDC-42A3-9474-1A3956D46DE8}") = "Requierements", "Requierements", "{3B0BDB69-021F-4A78-8AD9-CEE5362A6DCA}"
	ProjectSection(SolutionItems) = preProject
		..\..\..\Downloads\MultiShop-master\AdminStatisticApiForUI.txt = ..\..\..\Downloads\MultiShop-master\AdminStatisticApiForUI.txt
		..\..\..\Downloads\MultiShop-master\Card.txt = ..\..\..\Downloads\MultiShop-master\Card.txt
		..\..\..\Downloads\MultiShop-master\Card2.txt = ..\..\..\Downloads\MultiShop-master\Card2.txt
		..\..\..\Downloads\MultiShop-master\FontAwesomeLink.txt = ..\..\..\Downloads\MultiShop-master\FontAwesomeLink.txt
		..\..\..\Downloads\MultiShop-master\IdentityServerVersionErrorSolution.txt = ..\..\..\Downloads\MultiShop-master\IdentityServerVersionErrorSolution.txt
		..\..\..\Downloads\MultiShop-master\LoginIndex.txt = ..\..\..\Downloads\MultiShop-master\LoginIndex.txt
		..\..\..\Downloads\MultiShop-master\OcelotCodeExample.txt = ..\..\..\Downloads\MultiShop-master\OcelotCodeExample.txt
		..\..\..\Downloads\MultiShop-master\OcelotLink.txt = ..\..\..\Downloads\MultiShop-master\OcelotLink.txt
		..\..\..\Downloads\MultiShop-master\OrderHtml.txt = ..\..\..\Downloads\MultiShop-master\OrderHtml.txt
		PortainerCmd.txt = PortainerCmd.txt
		..\..\..\Downloads\MultiShop-master\PortainerCmd.txt = ..\..\..\Downloads\MultiShop-master\PortainerCmd.txt
		..\..\..\Downloads\MultiShop-master\PortNumbers.txt = ..\..\..\Downloads\MultiShop-master\PortNumbers.txt
		..\..\..\Downloads\MultiShop-master\SimpleCode.txt = ..\..\..\Downloads\MultiShop-master\SimpleCode.txt
		..\..\..\Downloads\MultiShop-master\TokenExampleCodeUIProgramCs.txt = ..\..\..\Downloads\MultiShop-master\TokenExampleCodeUIProgramCs.txt
		..\..\..\Downloads\MultiShop-master\UserExample.txt = ..\..\..\Downloads\MultiShop-master\UserExample.txt
	EndProjectSection
EndProject
Project("{2150E333-8FDC-42A3-9474-1A3956D46DE8}") = "Cargo", "Cargo", "{C5B1703A-BAEA-48B0-875D-777AA7C450C9}"
EndProject
Project("{FAE04EC0-301F-11D3-BF4B-00C04F79EFBC}") = "MultiShop.Cargo.BusinessLayer", "Services\Cargo\MultiShop.Cargo.BusinessLayer\MultiShop.Cargo.BusinessLayer.csproj", "{E04FD699-6782-4006-9CCF-DF590E9E97A2}"
EndProject
Project("{FAE04EC0-301F-11D3-BF4B-00C04F79EFBC}") = "MultiShop.Cargo.DataAccessLayer", "Services\Cargo\MultiShop.Cargo.DataAccessLayer\MultiShop.Cargo.DataAccessLayer.csproj", "{58FD4FA5-A9C3-4853-93E6-A8F1638C76E5}"
EndProject
Project("{FAE04EC0-301F-11D3-BF4B-00C04F79EFBC}") = "MultiShop.Cargo.EntityLayer", "Services\Cargo\MultiShop.Cargo.EntityLayer\MultiShop.Cargo.EntityLayer.csproj", "{78CCB3FF-19B2-43D9-BDC5-C0A7B50E7DB4}"
EndProject
Project("{FAE04EC0-301F-11D3-BF4B-00C04F79EFBC}") = "MultiShop.Cargo.DtoLayer", "Services\Cargo\MultiShop.Cargo.DtoLayer\MultiShop.Cargo.DtoLayer.csproj", "{38CD3FAB-BB76-403C-9263-EEDCFCD60CC9}"
EndProject
Project("{FAE04EC0-301F-11D3-BF4B-00C04F79EFBC}") = "MultiShop.Cargo.WebApi", "Services\Cargo\MultiShop.Cargo.WebApi\MultiShop.Cargo.WebApi.csproj", "{0915C777-5A89-4A19-A0FB-3C21F16FAB09}"
EndProject
Project("{2150E333-8FDC-42A3-9474-1A3956D46DE8}") = "Basket", "Basket", "{D0BDD5E6-AEDC-42B4-8FD0-327ECABD17D2}"
EndProject
Project("{FAE04EC0-301F-11D3-BF4B-00C04F79EFBC}") = "MultiShop.Basket", "Services\Basket\MultiShop.Basket\MultiShop.Basket.csproj", "{8BFE9390-1D0E-46E4-890D-99F95EFDC4B5}"
EndProject
Project("{2150E333-8FDC-42A3-9474-1A3956D46DE8}") = "Frontends", "Frontends", "{8F58858A-1B0F-4DF8-9144-DC10A1261AAA}"
EndProject
Project("{FAE04EC0-301F-11D3-BF4B-00C04F79EFBC}") = "MultiShop.WebUI", "Frontends\MultiShop.WebUI\MultiShop.WebUI.csproj", "{CD8EF77F-1F60-4243-8403-DE24D0AE8072}"
EndProject
Project("{2150E333-8FDC-42A3-9474-1A3956D46DE8}") = "Requirements", "Requirements", "{89613F98-64B5-4916-A138-7463F44A31CC}"
	ProjectSection(SolutionItems) = preProject
		TextFile1.txt = TextFile1.txt
	EndProjectSection
EndProject
Project("{FAE04EC0-301F-11D3-BF4B-00C04F79EFBC}") = "MultiShop.DtoLayer", "Frontends\MultiShop.DtoLayer\MultiShop.DtoLayer.csproj", "{FD0FD22A-5A01-4C63-AB2C-8BDD0387D03E}"
EndProject
Global
	GlobalSection(SolutionConfigurationPlatforms) = preSolution
		Debug|Any CPU = Debug|Any CPU
		Release|Any CPU = Release|Any CPU
	EndGlobalSection
	GlobalSection(ProjectConfigurationPlatforms) = postSolution
		{A68D4227-F7E6-44FC-959D-DB6298545FCE}.Debug|Any CPU.ActiveCfg = Debug|Any CPU
		{A68D4227-F7E6-44FC-959D-DB6298545FCE}.Debug|Any CPU.Build.0 = Debug|Any CPU
		{A68D4227-F7E6-44FC-959D-DB6298545FCE}.Release|Any CPU.ActiveCfg = Release|Any CPU
		{A68D4227-F7E6-44FC-959D-DB6298545FCE}.Release|Any CPU.Build.0 = Release|Any CPU
		{E03CC4E7-12EA-42AB-8BD3-7B0AF9E969E2}.Debug|Any CPU.ActiveCfg = Debug|Any CPU
		{E03CC4E7-12EA-42AB-8BD3-7B0AF9E969E2}.Debug|Any CPU.Build.0 = Debug|Any CPU
		{E03CC4E7-12EA-42AB-8BD3-7B0AF9E969E2}.Release|Any CPU.ActiveCfg = Release|Any CPU
		{E03CC4E7-12EA-42AB-8BD3-7B0AF9E969E2}.Release|Any CPU.Build.0 = Release|Any CPU
		{8C7C768E-0CE6-432A-8806-8F99FE523CCE}.Debug|Any CPU.ActiveCfg = Debug|Any CPU
		{8C7C768E-0CE6-432A-8806-8F99FE523CCE}.Debug|Any CPU.Build.0 = Debug|Any CPU
		{8C7C768E-0CE6-432A-8806-8F99FE523CCE}.Release|Any CPU.ActiveCfg = Release|Any CPU
		{8C7C768E-0CE6-432A-8806-8F99FE523CCE}.Release|Any CPU.Build.0 = Release|Any CPU
		{E253BDF3-9EF4-4164-80E7-B1F60EEDD3D0}.Debug|Any CPU.ActiveCfg = Debug|Any CPU
		{E253BDF3-9EF4-4164-80E7-B1F60EEDD3D0}.Debug|Any CPU.Build.0 = Debug|Any CPU
		{E253BDF3-9EF4-4164-80E7-B1F60EEDD3D0}.Release|Any CPU.ActiveCfg = Release|Any CPU
		{E253BDF3-9EF4-4164-80E7-B1F60EEDD3D0}.Release|Any CPU.Build.0 = Release|Any CPU
		{25C5971A-97D3-56EC-AC4D-FEF0E4BCC4B7}.Debug|Any CPU.ActiveCfg = Debug|Any CPU
		{25C5971A-97D3-56EC-AC4D-FEF0E4BCC4B7}.Debug|Any CPU.Build.0 = Debug|Any CPU
		{25C5971A-97D3-56EC-AC4D-FEF0E4BCC4B7}.Release|Any CPU.ActiveCfg = Release|Any CPU
		{25C5971A-97D3-56EC-AC4D-FEF0E4BCC4B7}.Release|Any CPU.Build.0 = Release|Any CPU
		{92A0B6FA-A343-5977-7E28-7DD02FB1CC6E}.Debug|Any CPU.ActiveCfg = Debug|Any CPU
		{92A0B6FA-A343-5977-7E28-7DD02FB1CC6E}.Debug|Any CPU.Build.0 = Debug|Any CPU
		{92A0B6FA-A343-5977-7E28-7DD02FB1CC6E}.Release|Any CPU.ActiveCfg = Release|Any CPU
		{92A0B6FA-A343-5977-7E28-7DD02FB1CC6E}.Release|Any CPU.Build.0 = Release|Any CPU
		{EA14094F-FB55-5ABC-1402-B4229C4AD0B1}.Debug|Any CPU.ActiveCfg = Debug|Any CPU
		{EA14094F-FB55-5ABC-1402-B4229C4AD0B1}.Debug|Any CPU.Build.0 = Debug|Any CPU
		{EA14094F-FB55-5ABC-1402-B4229C4AD0B1}.Release|Any CPU.ActiveCfg = Release|Any CPU
		{EA14094F-FB55-5ABC-1402-B4229C4AD0B1}.Release|Any CPU.Build.0 = Release|Any CPU
		{E04FD699-6782-4006-9CCF-DF590E9E97A2}.Debug|Any CPU.ActiveCfg = Debug|Any CPU
		{E04FD699-6782-4006-9CCF-DF590E9E97A2}.Debug|Any CPU.Build.0 = Debug|Any CPU
		{E04FD699-6782-4006-9CCF-DF590E9E97A2}.Release|Any CPU.ActiveCfg = Release|Any CPU
		{E04FD699-6782-4006-9CCF-DF590E9E97A2}.Release|Any CPU.Build.0 = Release|Any CPU
		{58FD4FA5-A9C3-4853-93E6-A8F1638C76E5}.Debug|Any CPU.ActiveCfg = Debug|Any CPU
		{58FD4FA5-A9C3-4853-93E6-A8F1638C76E5}.Debug|Any CPU.Build.0 = Debug|Any CPU
		{58FD4FA5-A9C3-4853-93E6-A8F1638C76E5}.Release|Any CPU.ActiveCfg = Release|Any CPU
		{58FD4FA5-A9C3-4853-93E6-A8F1638C76E5}.Release|Any CPU.Build.0 = Release|Any CPU
		{78CCB3FF-19B2-43D9-BDC5-C0A7B50E7DB4}.Debug|Any CPU.ActiveCfg = Debug|Any CPU
		{78CCB3FF-19B2-43D9-BDC5-C0A7B50E7DB4}.Debug|Any CPU.Build.0 = Debug|Any CPU
		{78CCB3FF-19B2-43D9-BDC5-C0A7B50E7DB4}.Release|Any CPU.ActiveCfg = Release|Any CPU
		{78CCB3FF-19B2-43D9-BDC5-C0A7B50E7DB4}.Release|Any CPU.Build.0 = Release|Any CPU
		{38CD3FAB-BB76-403C-9263-EEDCFCD60CC9}.Debug|Any CPU.ActiveCfg = Debug|Any CPU
		{38CD3FAB-BB76-403C-9263-EEDCFCD60CC9}.Debug|Any CPU.Build.0 = Debug|Any CPU
		{38CD3FAB-BB76-403C-9263-EEDCFCD60CC9}.Release|Any CPU.ActiveCfg = Release|Any CPU
		{38CD3FAB-BB76-403C-9263-EEDCFCD60CC9}.Release|Any CPU.Build.0 = Release|Any CPU
		{0915C777-5A89-4A19-A0FB-3C21F16FAB09}.Debug|Any CPU.ActiveCfg = Debug|Any CPU
		{0915C777-5A89-4A19-A0FB-3C21F16FAB09}.Debug|Any CPU.Build.0 = Debug|Any CPU
		{0915C777-5A89-4A19-A0FB-3C21F16FAB09}.Release|Any CPU.ActiveCfg = Release|Any CPU
		{0915C777-5A89-4A19-A0FB-3C21F16FAB09}.Release|Any CPU.Build.0 = Release|Any CPU
		{8BFE9390-1D0E-46E4-890D-99F95EFDC4B5}.Debug|Any CPU.ActiveCfg = Debug|Any CPU
		{8BFE9390-1D0E-46E4-890D-99F95EFDC4B5}.Debug|Any CPU.Build.0 = Debug|Any CPU
		{8BFE9390-1D0E-46E4-890D-99F95EFDC4B5}.Release|Any CPU.ActiveCfg = Release|Any CPU
		{8BFE9390-1D0E-46E4-890D-99F95EFDC4B5}.Release|Any CPU.Build.0 = Release|Any CPU
		{CD8EF77F-1F60-4243-8403-DE24D0AE8072}.Debug|Any CPU.ActiveCfg = Debug|Any CPU
		{CD8EF77F-1F60-4243-8403-DE24D0AE8072}.Debug|Any CPU.Build.0 = Debug|Any CPU
		{CD8EF77F-1F60-4243-8403-DE24D0AE8072}.Release|Any CPU.ActiveCfg = Release|Any CPU
		{CD8EF77F-1F60-4243-8403-DE24D0AE8072}.Release|Any CPU.Build.0 = Release|Any CPU
		{FD0FD22A-5A01-4C63-AB2C-8BDD0387D03E}.Debug|Any CPU.ActiveCfg = Debug|Any CPU
		{FD0FD22A-5A01-4C63-AB2C-8BDD0387D03E}.Debug|Any CPU.Build.0 = Debug|Any CPU
		{FD0FD22A-5A01-4C63-AB2C-8BDD0387D03E}.Release|Any CPU.ActiveCfg = Release|Any CPU
		{FD0FD22A-5A01-4C63-AB2C-8BDD0387D03E}.Release|Any CPU.Build.0 = Release|Any CPU
	EndGlobalSection
	GlobalSection(SolutionProperties) = preSolution
		HideSolutionNode = FALSE
	EndGlobalSection
	GlobalSection(NestedProjects) = preSolution
		{1A3FD67E-1B7B-4C42-9343-8844DFD1D89F} = {02EA681E-C7D8-13C7-8484-4AC65E1B71E8}
		{0E561080-6E80-496C-99C4-043722D8EB95} = {02EA681E-C7D8-13C7-8484-4AC65E1B71E8}
		{A30C5D93-F8B2-4BC2-8393-BEB5EB7AC1D2} = {02EA681E-C7D8-13C7-8484-4AC65E1B71E8}
		{2E33C9CC-AAA5-4313-A866-6BED49E33B04} = {A30C5D93-F8B2-4BC2-8393-BEB5EB7AC1D2}
		{7081E44D-9B25-458F-ACB5-72BECBA7BA20} = {A30C5D93-F8B2-4BC2-8393-BEB5EB7AC1D2}
		{66BEC663-29B2-43D4-8D23-343EDD9F2516} = {A30C5D93-F8B2-4BC2-8393-BEB5EB7AC1D2}
		{A68D4227-F7E6-44FC-959D-DB6298545FCE} = {2E33C9CC-AAA5-4313-A866-6BED49E33B04}
		{E03CC4E7-12EA-42AB-8BD3-7B0AF9E969E2} = {2E33C9CC-AAA5-4313-A866-6BED49E33B04}
		{8C7C768E-0CE6-432A-8806-8F99FE523CCE} = {66BEC663-29B2-43D4-8D23-343EDD9F2516}
		{E253BDF3-9EF4-4164-80E7-B1F60EEDD3D0} = {7081E44D-9B25-458F-ACB5-72BECBA7BA20}
		{25C5971A-97D3-56EC-AC4D-FEF0E4BCC4B7} = {1A3FD67E-1B7B-4C42-9343-8844DFD1D89F}
		{92A0B6FA-A343-5977-7E28-7DD02FB1CC6E} = {0E561080-6E80-496C-99C4-043722D8EB95}
		{EA14094F-FB55-5ABC-1402-B4229C4AD0B1} = {DBA354E6-93B9-411A-8A81-7538F0A231E5}
		{3B0BDB69-021F-4A78-8AD9-CEE5362A6DCA} = {02EA681E-C7D8-13C7-8484-4AC65E1B71E8}
		{C5B1703A-BAEA-48B0-875D-777AA7C450C9} = {02EA681E-C7D8-13C7-8484-4AC65E1B71E8}
		{E04FD699-6782-4006-9CCF-DF590E9E97A2} = {C5B1703A-BAEA-48B0-875D-777AA7C450C9}
		{58FD4FA5-A9C3-4853-93E6-A8F1638C76E5} = {C5B1703A-BAEA-48B0-875D-777AA7C450C9}
		{78CCB3FF-19B2-43D9-BDC5-C0A7B50E7DB4} = {C5B1703A-BAEA-48B0-875D-777AA7C450C9}
		{38CD3FAB-BB76-403C-9263-EEDCFCD60CC9} = {C5B1703A-BAEA-48B0-875D-777AA7C450C9}
		{0915C777-5A89-4A19-A0FB-3C21F16FAB09} = {C5B1703A-BAEA-48B0-875D-777AA7C450C9}
		{D0BDD5E6-AEDC-42B4-8FD0-327ECABD17D2} = {02EA681E-C7D8-13C7-8484-4AC65E1B71E8}
		{8BFE9390-1D0E-46E4-890D-99F95EFDC4B5} = {D0BDD5E6-AEDC-42B4-8FD0-327ECABD17D2}
		{CD8EF77F-1F60-4243-8403-DE24D0AE8072} = {8F58858A-1B0F-4DF8-9144-DC10A1261AAA}
		{FD0FD22A-5A01-4C63-AB2C-8BDD0387D03E} = {8F58858A-1B0F-4DF8-9144-DC10A1261AAA}
	EndGlobalSection
	GlobalSection(ExtensibilityGlobals) = postSolution
		SolutionGuid = {E23347B0-C150-4ED3-A033-A66471329BD4}
	EndGlobalSection
EndGlobal
